
Microsoft Visual Studio Solution File, Format Version 12.00
# Visual Studio Version 16
VisualStudioVersion = 16.0.31005.135
MinimumVisualStudioVersion = 10.0.40219.1
Project("{FAE04EC0-301F-11D3-BF4B-00C04F79EFBC}") = "StudentInfo_control_20210219", "StudentInfo_control_20210219\StudentInfo_control_20210219.csproj", "{AD4BCBA2-8202-49AE-B331-2CA738A7AD10}"
EndProject
Global
	GlobalSection(SolutionConfigurationPlatforms) = preSolution
		Debug|Any CPU = Debug|Any CPU
		Release|Any CPU = Release|Any CPU
	EndGlobalSection
	GlobalSection(ProjectConfigurationPlatforms) = postSolution
		{AD4BCBA2-8202-49AE-B331-2CA738A7AD10}.Debug|Any CPU.ActiveCfg = Debug|Any CPU
		{AD4BCBA2-8202-49AE-B331-2CA738A7AD10}.Debug|Any CPU.Build.0 = Debug|Any CPU
		{AD4BCBA2-8202-49AE-B331-2CA738A7AD10}.Release|Any CPU.ActiveCfg = Release|Any CPU
		{AD4BCBA2-8202-49AE-B331-2CA738A7AD10}.Release|Any CPU.Build.0 = Release|Any CPU
	EndGlobalSection
	GlobalSection(SolutionProperties) = preSolution
		HideSolutionNode = FALSE
	EndGlobalSection
	GlobalSection(ExtensibilityGlobals) = postSolution
		SolutionGuid = {D5ABF208-3B99-4FB2-983E-F8014F588EA0}
	EndGlobalSection
EndGlobal
